// !$*UTF8*$!
{
	archiveVersion = 1;
	classes = {
	};
	objectVersion = 46;
	objects = {

/* Begin PBXBuildFile section */
		F48CC4311A5910A200B6F5AE /* AppDelegate.swift in Sources */ = {isa = PBXBuildFile; fileRef = F48CC4301A5910A200B6F5AE /* AppDelegate.swift */; };
		F48CC4331A5910A200B6F5AE /* ViewController.swift in Sources */ = {isa = PBXBuildFile; fileRef = F48CC4321A5910A200B6F5AE /* ViewController.swift */; };
		F48CC4361A5910A200B6F5AE /* Main.storyboard in Resources */ = {isa = PBXBuildFile; fileRef = F48CC4341A5910A200B6F5AE /* Main.storyboard */; };
		F48CC4381A5910A200B6F5AE /* Images.xcassets in Resources */ = {isa = PBXBuildFile; fileRef = F48CC4371A5910A200B6F5AE /* Images.xcassets */; };
		F48CC43B1A5910A200B6F5AE /* LaunchScreen.xib in Resources */ = {isa = PBXBuildFile; fileRef = F48CC4391A5910A200B6F5AE /* LaunchScreen.xib */; };
		F48CC4471A5910A200B6F5AE /* TaskItTests.swift in Sources */ = {isa = PBXBuildFile; fileRef = F48CC4461A5910A200B6F5AE /* TaskItTests.swift */; };
		F48EA9B91A599CEC00619DA5 /* TaskCell.swift in Sources */ = {isa = PBXBuildFile; fileRef = F48EA9B81A599CEC00619DA5 /* TaskCell.swift */; };
		F4CD6A7F1A5F971600F19566 /* Date.swift in Sources */ = {isa = PBXBuildFile; fileRef = F4CD6A7E1A5F971600F19566 /* Date.swift */; };
		F4CD6A811A5FA80E00F19566 /* AddTaskViewController.swift in Sources */ = {isa = PBXBuildFile; fileRef = F4CD6A801A5FA80E00F19566 /* AddTaskViewController.swift */; };
		F4DB6EC31A5BB808002FA339 /* TaskModel.swift in Sources */ = {isa = PBXBuildFile; fileRef = F4DB6EC21A5BB808002FA339 /* TaskModel.swift */; };
		F4DB6EC51A5BBC3D002FA339 /* TaskDetailViewController.swift in Sources */ = {isa = PBXBuildFile; fileRef = F4DB6EC41A5BBC3D002FA339 /* TaskDetailViewController.swift */; };
/* End PBXBuildFile section */

/* Begin PBXContainerItemProxy section */
		F48CC4411A5910A200B6F5AE /* PBXContainerItemProxy */ = {
			isa = PBXContainerItemProxy;
			containerPortal = F48CC4231A5910A100B6F5AE /* Project object */;
			proxyType = 1;
			remoteGlobalIDString = F48CC42A1A5910A200B6F5AE;
			remoteInfo = TaskIt;
		};
/* End PBXContainerItemProxy section */

/* Begin PBXFileReference section */
		F48CC42B1A5910A200B6F5AE /* TaskIt.app */ = {isa = PBXFileReference; explicitFileType = wrapper.application; includeInIndex = 0; path = TaskIt.app; sourceTree = BUILT_PRODUCTS_DIR; };
		F48CC42F1A5910A200B6F5AE /* Info.plist */ = {isa = PBXFileReference; lastKnownFileType = text.plist.xml; path = Info.plist; sourceTree = "<group>"; };
		F48CC4301A5910A200B6F5AE /* AppDelegate.swift */ = {isa = PBXFileReference; lastKnownFileType = sourcecode.swift; path = AppDelegate.swift; sourceTree = "<group>"; };
		F48CC4321A5910A200B6F5AE /* ViewController.swift */ = {isa = PBXFileReference; lastKnownFileType = sourcecode.swift; path = ViewController.swift; sourceTree = "<group>"; };
		F48CC4351A5910A200B6F5AE /* Base */ = {isa = PBXFileReference; lastKnownFileType = file.storyboard; name = Base; path = Base.lproj/Main.storyboard; sourceTree = "<group>"; };
		F48CC4371A5910A200B6F5AE /* Images.xcassets */ = {isa = PBXFileReference; lastKnownFileType = folder.assetcatalog; path = Images.xcassets; sourceTree = "<group>"; };
		F48CC43A1A5910A200B6F5AE /* Base */ = {isa = PBXFileReference; lastKnownFileType = file.xib; name = Base; path = Base.lproj/LaunchScreen.xib; sourceTree = "<group>"; };
		F48CC4401A5910A200B6F5AE /* TaskItTests.xctest */ = {isa = PBXFileReference; explicitFileType = wrapper.cfbundle; includeInIndex = 0; path = TaskItTests.xctest; sourceTree = BUILT_PRODUCTS_DIR; };
		F48CC4451A5910A200B6F5AE /* Info.plist */ = {isa = PBXFileReference; lastKnownFileType = text.plist.xml; path = Info.plist; sourceTree = "<group>"; };
		F48CC4461A5910A200B6F5AE /* TaskItTests.swift */ = {isa = PBXFileReference; lastKnownFileType = sourcecode.swift; path = TaskItTests.swift; sourceTree = "<group>"; };
		F48EA9B81A599CEC00619DA5 /* TaskCell.swift */ = {isa = PBXFileReference; fileEncoding = 4; lastKnownFileType = sourcecode.swift; name = TaskCell.swift; path = ../TaskCell.swift; sourceTree = "<group>"; };
		F4CD6A7E1A5F971600F19566 /* Date.swift */ = {isa = PBXFileReference; fileEncoding = 4; lastKnownFileType = sourcecode.swift; path = Date.swift; sourceTree = "<group>"; };
		F4CD6A801A5FA80E00F19566 /* AddTaskViewController.swift */ = {isa = PBXFileReference; fileEncoding = 4; lastKnownFileType = sourcecode.swift; path = AddTaskViewController.swift; sourceTree = "<group>"; };
		F4DB6EC21A5BB808002FA339 /* TaskModel.swift */ = {isa = PBXFileReference; fileEncoding = 4; lastKnownFileType = sourcecode.swift; path = TaskModel.swift; sourceTree = "<group>"; };
		F4DB6EC41A5BBC3D002FA339 /* TaskDetailViewController.swift */ = {isa = PBXFileReference; fileEncoding = 4; lastKnownFileType = sourcecode.swift; path = TaskDetailViewController.swift; sourceTree = "<group>"; };
/* End PBXFileReference section */

/* Begin PBXFrameworksBuildPhase section */
		F48CC4281A5910A200B6F5AE /* Frameworks */ = {
			isa = PBXFrameworksBuildPhase;
			buildActionMask = 2147483647;
			files = (
			);
			runOnlyForDeploymentPostprocessing = 0;
		};
		F48CC43D1A5910A200B6F5AE /* Frameworks */ = {
			isa = PBXFrameworksBuildPhase;
			buildActionMask = 2147483647;
			files = (
			);
			runOnlyForDeploymentPostprocessing = 0;
		};
/* End PBXFrameworksBuildPhase section */

/* Begin PBXGroup section */
		F48CC4221A5910A100B6F5AE = {
			isa = PBXGroup;
			children = (
				F48CC42D1A5910A200B6F5AE /* TaskIt */,
				F48CC4431A5910A200B6F5AE /* TaskItTests */,
				F48CC42C1A5910A200B6F5AE /* Products */,
			);
			sourceTree = "<group>";
		};
		F48CC42C1A5910A200B6F5AE /* Products */ = {
			isa = PBXGroup;
			children = (
				F48CC42B1A5910A200B6F5AE /* TaskIt.app */,
				F48CC4401A5910A200B6F5AE /* TaskItTests.xctest */,
			);
			name = Products;
			sourceTree = "<group>";
		};
		F48CC42D1A5910A200B6F5AE /* TaskIt */ = {
			isa = PBXGroup;
			children = (
				F48EA9B81A599CEC00619DA5 /* TaskCell.swift */,
				F48CC4301A5910A200B6F5AE /* AppDelegate.swift */,
				F48CC4321A5910A200B6F5AE /* ViewController.swift */,
				F4DB6EC41A5BBC3D002FA339 /* TaskDetailViewController.swift */,
				F4CD6A801A5FA80E00F19566 /* AddTaskViewController.swift */,
				F4DB6EC21A5BB808002FA339 /* TaskModel.swift */,
				F4CD6A7E1A5F971600F19566 /* Date.swift */,
				F48CC4341A5910A200B6F5AE /* Main.storyboard */,
				F48CC4371A5910A200B6F5AE /* Images.xcassets */,
				F48CC4391A5910A200B6F5AE /* LaunchScreen.xib */,
				F48CC42E1A5910A200B6F5AE /* Supporting Files */,
			);
			path = TaskIt;
			sourceTree = "<group>";
		};
		F48CC42E1A5910A200B6F5AE /* Supporting Files */ = {
			isa = PBXGroup;
			children = (
				F48CC42F1A5910A200B6F5AE /* Info.plist */,
			);
			name = "Supporting Files";
			sourceTree = "<group>";
		};
		F48CC4431A5910A200B6F5AE /* TaskItTests */ = {
			isa = PBXGroup;
			children = (
				F48CC4461A5910A200B6F5AE /* TaskItTests.swift */,
				F48CC4441A5910A200B6F5AE /* Supporting Files */,
			);
			path = TaskItTests;
			sourceTree = "<group>";
		};
		F48CC4441A5910A200B6F5AE /* Supporting Files */ = {
			isa = PBXGroup;
			children = (
				F48CC4451A5910A200B6F5AE /* Info.plist */,
			);
			name = "Supporting Files";
			sourceTree = "<group>";
		};
/* End PBXGroup section */

/* Begin PBXNativeTarget section */
		F48CC42A1A5910A200B6F5AE /* TaskIt */ = {
			isa = PBXNativeTarget;
			buildConfigurationList = F48CC44A1A5910A200B6F5AE /* Build configuration list for PBXNativeTarget "TaskIt" */;
			buildPhases = (
				F48CC4271A5910A200B6F5AE /* Sources */,
				F48CC4281A5910A200B6F5AE /* Frameworks */,
				F48CC4291A5910A200B6F5AE /* Resources */,
			);
			buildRules = (
			);
			dependencies = (
			);
			name = TaskIt;
			productName = TaskIt;
			productReference = F48CC42B1A5910A200B6F5AE /* TaskIt.app */;
			productType = "com.apple.product-type.application";
		};
		F48CC43F1A5910A200B6F5AE /* TaskItTests */ = {
			isa = PBXNativeTarget;
			buildConfigurationList = F48CC44D1A5910A200B6F5AE /* Build configuration list for PBXNativeTarget "TaskItTests" */;
			buildPhases = (
				F48CC43C1A5910A200B6F5AE /* Sources */,
				F48CC43D1A5910A200B6F5AE /* Frameworks */,
				F48CC43E1A5910A200B6F5AE /* Resources */,
			);
			buildRules = (
			);
			dependencies = (
				F48CC4421A5910A200B6F5AE /* PBXTargetDependency */,
			);
			name = TaskItTests;
			productName = TaskItTests;
			productReference = F48CC4401A5910A200B6F5AE /* TaskItTests.xctest */;
			productType = "com.apple.product-type.bundle.unit-test";
		};
/* End PBXNativeTarget section */

/* Begin PBXProject section */
		F48CC4231A5910A100B6F5AE /* Project object */ = {
			isa = PBXProject;
			attributes = {
				LastUpgradeCheck = 0610;
				ORGANIZATIONNAME = Republic;
				TargetAttributes = {
					F48CC42A1A5910A200B6F5AE = {
						CreatedOnToolsVersion = 6.1.1;
					};
					F48CC43F1A5910A200B6F5AE = {
						CreatedOnToolsVersion = 6.1.1;
						TestTargetID = F48CC42A1A5910A200B6F5AE;
					};
				};
			};
			buildConfigurationList = F48CC4261A5910A100B6F5AE /* Build configuration list for PBXProject "TaskIt" */;
			compatibilityVersion = "Xcode 3.2";
			developmentRegion = English;
			hasScannedForEncodings = 0;
			knownRegions = (
				en,
				Base,
			);
			mainGroup = F48CC4221A5910A100B6F5AE;
			productRefGroup = F48CC42C1A5910A200B6F5AE /* Products */;
			projectDirPath = "";
			projectRoot = "";
			targets = (
				F48CC42A1A5910A200B6F5AE /* TaskIt */,
				F48CC43F1A5910A200B6F5AE /* TaskItTests */,
			);
		};
/* End PBXProject section */

/* Begin PBXResourcesBuildPhase section */
		F48CC4291A5910A200B6F5AE /* Resources */ = {
			isa = PBXResourcesBuildPhase;
			buildActionMask = 2147483647;
			files = (
				F48CC4361A5910A200B6F5AE /* Main.storyboard in Resources */,
				F48CC43B1A5910A200B6F5AE /* LaunchScreen.xib in Resources */,
				F48CC4381A5910A200B6F5AE /* Images.xcassets in Resources */,
			);
			runOnlyForDeploymentPostprocessing = 0;
		};
		F48CC43E1A5910A200B6F5AE /* Resources */ = {
			isa = PBXResourcesBuildPhase;
			buildActionMask = 2147483647;
			files = (
			);
			runOnlyForDeploymentPostprocessing = 0;
		};
/* End PBXResourcesBuildPhase section */

/* Begin PBXSourcesBuildPhase section */
		F48CC4271A5910A200B6F5AE /* Sources */ = {
			isa = PBXSourcesBuildPhase;
			buildActionMask = 2147483647;
			files = (
				F48CC4331A5910A200B6F5AE /* ViewController.swift in Sources */,
				F4CD6A7F1A5F971600F19566 /* Date.swift in Sources */,
				F48EA9B91A599CEC00619DA5 /* TaskCell.swift in Sources */,
				F4DB6EC31A5BB808002FA339 /* TaskModel.swift in Sources */,
				F48CC4311A5910A200B6F5AE /* AppDelegate.swift in Sources */,
				F4DB6EC51A5BBC3D002FA339 /* TaskDetailViewController.swift in Sources */,
				F4CD6A811A5FA80E00F19566 /* AddTaskViewController.swift in Sources */,
			);
			runOnlyForDeploymentPostprocessing = 0;
		};
		F48CC43C1A5910A200B6F5AE /* Sources */ = {
			isa = PBXSourcesBuildPhase;
			buildActionMask = 2147483647;
			files = (
				F48CC4471A5910A200B6F5AE /* TaskItTests.swift in Sources */,
			);
			runOnlyForDeploymentPostprocessing = 0;
		};
/* End PBXSourcesBuildPhase section */

/* Begin PBXTargetDependency section */
		F48CC4421A5910A200B6F5AE /* PBXTargetDependency */ = {
			isa = PBXTargetDependency;
			target = F48CC42A1A5910A200B6F5AE /* TaskIt */;
			targetProxy = F48CC4411A5910A200B6F5AE /* PBXContainerItemProxy */;
		};
/* End PBXTargetDependency section */

/* Begin PBXVariantGroup section */
		F48CC4341A5910A200B6F5AE /* Main.storyboard */ = {
			isa = PBXVariantGroup;
			children = (
				F48CC4351A5910A200B6F5AE /* Base */,
			);
			name = Main.storyboard;
			sourceTree = "<group>";
		};
		F48CC4391A5910A200B6F5AE /* LaunchScreen.xib */ = {
			isa = PBXVariantGroup;
			children = (
				F48CC43A1A5910A200B6F5AE /* Base */,
			);
			name = LaunchScreen.xib;
			sourceTree = "<group>";
		};
/* End PBXVariantGroup section */

/* Begin XCBuildConfiguration section */
		F48CC4481A5910A200B6F5AE /* Debug */ = {
			isa = XCBuildConfiguration;
			buildSettings = {
				ALWAYS_SEARCH_USER_PATHS = NO;
				CLANG_CXX_LANGUAGE_STANDARD = "gnu++0x";
				CLANG_CXX_LIBRARY = "libc++";
				CLANG_ENABLE_MODULES = YES;
				CLANG_ENABLE_OBJC_ARC = YES;
				CLANG_WARN_BOOL_CONVERSION = YES;
				CLANG_WARN_CONSTANT_CONVERSION = YES;
				CLANG_WARN_DIRECT_OBJC_ISA_USAGE = YES_ERROR;
				CLANG_WARN_EMPTY_BODY = YES;
				CLANG_WARN_ENUM_CONVERSION = YES;
				CLANG_WARN_INT_CONVERSION = YES;
				CLANG_WARN_OBJC_ROOT_CLASS = YES_ERROR;
				CLANG_WARN_UNREACHABLE_CODE = YES;
				CLANG_WARN__DUPLICATE_METHOD_MATCH = YES;
				"CODE_SIGN_IDENTITY[sdk=iphoneos*]" = "iPhone Developer";
				COPY_PHASE_STRIP = NO;
				ENABLE_STRICT_OBJC_MSGSEND = YES;
				GCC_C_LANGUAGE_STANDARD = gnu99;
				GCC_DYNAMIC_NO_PIC = NO;
				GCC_OPTIMIZATION_LEVEL = 0;
				GCC_PREPROCESSOR_DEFINITIONS = (
					"DEBUG=1",
					"$(inherited)",
				);
				GCC_SYMBOLS_PRIVATE_EXTERN = NO;
				GCC_WARN_64_TO_32_BIT_CONVERSION = YES;
				GCC_WARN_ABOUT_RETURN_TYPE = YES_ERROR;
				GCC_WARN_UNDECLARED_SELECTOR = YES;
				GCC_WARN_UNINITIALIZED_AUTOS = YES_AGGRESSIVE;
				GCC_WARN_UNUSED_FUNCTION = YES;
				GCC_WARN_UNUSED_VARIABLE = YES;
				IPHONEOS_DEPLOYMENT_TARGET = 8.1;
				MTL_ENABLE_DEBUG_INFO = YES;
				ONLY_ACTIVE_ARCH = YES;
				SDKROOT = iphoneos;
				SWIFT_OPTIMIZATION_LEVEL = "-Onone";
				TARGETED_DEVICE_FAMILY = "1,2";
			};
			name = Debug;
		};
		F48CC4491A5910A200B6F5AE /* Release */ = {
			isa = XCBuildConfiguration;
			buildSettings = {
				ALWAYS_SEARCH_USER_PATHS = NO;
				CLANG_CXX_LANGUAGE_STANDARD = "gnu++0x";
				CLANG_CXX_LIBRARY = "libc++";
				CLANG_ENABLE_MODULES = YES;
				CLANG_ENABLE_OBJC_ARC = YES;
				CLANG_WARN_BOOL_CONVERSION = YES;
				CLANG_WARN_CONSTANT_CONVERSION = YES;
				CLANG_WARN_DIRECT_OBJC_ISA_USAGE = YES_ERROR;
				CLANG_WARN_EMPTY_BODY = YES;
				CLANG_WARN_ENUM_CONVERSION = YES;
				CLANG_WARN_INT_CONVERSION = YES;
				CLANG_WARN_OBJC_ROOT_CLASS = YES_ERROR;
				CLANG_WARN_UNREACHABLE_CODE = YES;
				CLANG_WARN__DUPLICATE_METHOD_MATCH = YES;
				"CODE_SIGN_IDENTITY[sdk=iphoneos*]" = "iPhone Developer";
				COPY_PHASE_STRIP = YES;
				ENABLE_NS_ASSERTIONS = NO;
				ENABLE_STRICT_OBJC_MSGSEND = YES;
				GCC_C_LANGUAGE_STANDARD = gnu99;
				GCC_WARN_64_TO_32_BIT_CONVERSION = YES;
				GCC_WARN_ABOUT_RETURN_TYPE = YES_ERROR;
				GCC_WARN_UNDECLARED_SELECTOR = YES;
				GCC_WARN_UNINITIALIZED_AUTOS = YES_AGGRESSIVE;
				GCC_WARN_UNUSED_FUNCTION = YES;
				GCC_WARN_UNUSED_VARIABLE = YES;
				IPHONEOS_DEPLOYMENT_TARGET = 8.1;
				MTL_ENABLE_DEBUG_INFO = NO;
				SDKROOT = iphoneos;
				TARGETED_DEVICE_FAMILY = "1,2";
				VALIDATE_PRODUCT = YES;
			};
			name = Release;
		};
		F48CC44B1A5910A200B6F5AE /* Debug */ = {
			isa = XCBuildConfiguration;
			buildSettings = {
				ASSETCATALOG_COMPILER_APPICON_NAME = AppIcon;
				INFOPLIST_FILE = TaskIt/Info.plist;
				LD_RUNPATH_SEARCH_PATHS = "$(inherited) @executable_path/Frameworks";
				PRODUCT_NAME = "$(TARGET_NAME)";
			};
			name = Debug;
		};
		F48CC44C1A5910A200B6F5AE /* Release */ = {
			isa = XCBuildConfiguration;
			buildSettings = {
				ASSETCATALOG_COMPILER_APPICON_NAME = AppIcon;
				INFOPLIST_FILE = TaskIt/Info.plist;
				LD_RUNPATH_SEARCH_PATHS = "$(inherited) @executable_path/Frameworks";
				PRODUCT_NAME = "$(TARGET_NAME)";
			};
			name = Release;
		};
		F48CC44E1A5910A200B6F5AE /* Debug */ = {
			isa = XCBuildConfiguration;
			buildSettings = {
				BUNDLE_LOADER = "$(TEST_HOST)";
				FRAMEWORK_SEARCH_PATHS = (
					"$(SDKROOT)/Developer/Library/Frameworks",
					"$(inherited)",
				);
				GCC_PREPROCESSOR_DEFINITIONS = (
					"DEBUG=1",
					"$(inherited)",
				);
				INFOPLIST_FILE = TaskItTests/Info.plist;
				LD_RUNPATH_SEARCH_PATHS = "$(inherited) @executable_path/Frameworks @loader_path/Frameworks";
				PRODUCT_NAME = "$(TARGET_NAME)";
				TEST_HOST = "$(BUILT_PRODUCTS_DIR)/TaskIt.app/TaskIt";
			};
			name = Debug;
		};
		F48CC44F1A5910A200B6F5AE /* Release */ = {
			isa = XCBuildConfiguration;
			buildSettings = {
				BUNDLE_LOADER = "$(TEST_HOST)";
				FRAMEWORK_SEARCH_PATHS = (
					"$(SDKROOT)/Developer/Library/Frameworks",
					"$(inherited)",
				);
				INFOPLIST_FILE = TaskItTests/Info.plist;
				LD_RUNPATH_SEARCH_PATHS = "$(inherited) @executable_path/Frameworks @loader_path/Frameworks";
				PRODUCT_NAME = "$(TARGET_NAME)";
				TEST_HOST = "$(BUILT_PRODUCTS_DIR)/TaskIt.app/TaskIt";
			};
			name = Release;
		};
/* End XCBuildConfiguration section */

/* Begin XCConfigurationList section */
		F48CC4261A5910A100B6F5AE /* Build configuration list for PBXProject "TaskIt" */ = {
			isa = XCConfigurationList;
			buildConfigurations = (
				F48CC4481A5910A200B6F5AE /* Debug */,
				F48CC4491A5910A200B6F5AE /* Release */,
			);
			defaultConfigurationIsVisible = 0;
			defaultConfigurationName = Release;
		};
		F48CC44A1A5910A200B6F5AE /* Build configuration list for PBXNativeTarget "TaskIt" */ = {
			isa = XCConfigurationList;
			buildConfigurations = (
				F48CC44B1A5910A200B6F5AE /* Debug */,
				F48CC44C1A5910A200B6F5AE /* Release */,
			);
			defaultConfigurationIsVisible = 0;
			defaultConfigurationName = Release;
		};
		F48CC44D1A5910A200B6F5AE /* Build configuration list for PBXNativeTarget "TaskItTests" */ = {
			isa = XCConfigurationList;
			buildConfigurations = (
				F48CC44E1A5910A200B6F5AE /* Debug */,
				F48CC44F1A5910A200B6F5AE /* Release */,
			);
			defaultConfigurationIsVisible = 0;
			defaultConfigurationName = Release;
		};
/* End XCConfigurationList section */
	};
	rootObject = F48CC4231A5910A100B6F5AE /* Project object */;
}
